// !$*UTF8*$!
{
	archiveVersion = 1;
	classes = {
	};
	objectVersion = 56;
	objects = {

/* Begin PBXBuildFile section */
		102CCE9928F6847600CD558C /* MarkBank_FullApp.swift in Sources */ = {isa = PBXBuildFile; fileRef = 102CCE9828F6847600CD558C /* MarkBank_FullApp.swift */; };
		102CCE9B28F6847600CD558C /* OnboardingFlowView.swift in Sources */ = {isa = PBXBuildFile; fileRef = 102CCE9A28F6847600CD558C /* OnboardingFlowView.swift */; };
		102CCE9D28F6847700CD558C /* Assets.xcassets in Resources */ = {isa = PBXBuildFile; fileRef = 102CCE9C28F6847700CD558C /* Assets.xcassets */; };
		102CCEA028F6847700CD558C /* Preview Assets.xcassets in Resources */ = {isa = PBXBuildFile; fileRef = 102CCE9F28F6847700CD558C /* Preview Assets.xcassets */; };
		102CCEA728F68F5100CD558C /* PageModel.swift in Sources */ = {isa = PBXBuildFile; fileRef = 102CCEA628F68F5100CD558C /* PageModel.swift */; };
		102CCEA928F690FC00CD558C /* PageView.swift in Sources */ = {isa = PBXBuildFile; fileRef = 102CCEA828F690FC00CD558C /* PageView.swift */; };
		102CCEAB28F6AAB800CD558C /* LoginView.swift in Sources */ = {isa = PBXBuildFile; fileRef = 102CCEAA28F6AAB800CD558C /* LoginView.swift */; };
		10B4382828F813F60042722E /* LoginViewModel.swift in Sources */ = {isa = PBXBuildFile; fileRef = 10B4382728F813F60042722E /* LoginViewModel.swift */; };
		10B4382B28F82A490042722E /* DataController.swift in Sources */ = {isa = PBXBuildFile; fileRef = 10B4382A28F82A490042722E /* DataController.swift */; };
		10B4382E28F82ABA0042722E /* MainContactView.swift in Sources */ = {isa = PBXBuildFile; fileRef = 10B4382D28F82ABA0042722E /* MainContactView.swift */; };
		10B4383028F82B2C0042722E /* AddContactView.swift in Sources */ = {isa = PBXBuildFile; fileRef = 10B4382F28F82B2C0042722E /* AddContactView.swift */; };
		10B4383228F82B5C0042722E /* EditContactView.swift in Sources */ = {isa = PBXBuildFile; fileRef = 10B4383128F82B5C0042722E /* EditContactView.swift */; };
		10BF48C928FFE35E002CA318 /* AccountModel.xcdatamodeld in Sources */ = {isa = PBXBuildFile; fileRef = 10BF48C728FFE35E002CA318 /* AccountModel.xcdatamodeld */; };
/* End PBXBuildFile section */

/* Begin PBXFileReference section */
		102CCE9528F6847600CD558C /* MarkBank-Full.app */ = {isa = PBXFileReference; explicitFileType = wrapper.application; includeInIndex = 0; path = "MarkBank-Full.app"; sourceTree = BUILT_PRODUCTS_DIR; };
		102CCE9828F6847600CD558C /* MarkBank_FullApp.swift */ = {isa = PBXFileReference; lastKnownFileType = sourcecode.swift; path = MarkBank_FullApp.swift; sourceTree = "<group>"; };
		102CCE9A28F6847600CD558C /* OnboardingFlowView.swift */ = {isa = PBXFileReference; lastKnownFileType = sourcecode.swift; path = OnboardingFlowView.swift; sourceTree = "<group>"; };
		102CCE9C28F6847700CD558C /* Assets.xcassets */ = {isa = PBXFileReference; lastKnownFileType = folder.assetcatalog; path = Assets.xcassets; sourceTree = "<group>"; };
		102CCE9F28F6847700CD558C /* Preview Assets.xcassets */ = {isa = PBXFileReference; lastKnownFileType = folder.assetcatalog; path = "Preview Assets.xcassets"; sourceTree = "<group>"; };
		102CCEA628F68F5100CD558C /* PageModel.swift */ = {isa = PBXFileReference; lastKnownFileType = sourcecode.swift; path = PageModel.swift; sourceTree = "<group>"; };
		102CCEA828F690FC00CD558C /* PageView.swift */ = {isa = PBXFileReference; lastKnownFileType = sourcecode.swift; path = PageView.swift; sourceTree = "<group>"; };
		102CCEAA28F6AAB800CD558C /* LoginView.swift */ = {isa = PBXFileReference; lastKnownFileType = sourcecode.swift; path = LoginView.swift; sourceTree = "<group>"; };
		10B4382728F813F60042722E /* LoginViewModel.swift */ = {isa = PBXFileReference; lastKnownFileType = sourcecode.swift; path = LoginViewModel.swift; sourceTree = "<group>"; };
		10B4382A28F82A490042722E /* DataController.swift */ = {isa = PBXFileReference; lastKnownFileType = sourcecode.swift; path = DataController.swift; sourceTree = "<group>"; };
		10B4382D28F82ABA0042722E /* MainContactView.swift */ = {isa = PBXFileReference; lastKnownFileType = sourcecode.swift; path = MainContactView.swift; sourceTree = "<group>"; };
		10B4382F28F82B2C0042722E /* AddContactView.swift */ = {isa = PBXFileReference; lastKnownFileType = sourcecode.swift; path = AddContactView.swift; sourceTree = "<group>"; };
		10B4383128F82B5C0042722E /* EditContactView.swift */ = {isa = PBXFileReference; lastKnownFileType = sourcecode.swift; path = EditContactView.swift; sourceTree = "<group>"; };
		10BF48C828FFE35E002CA318 /* AccountModel.xcdatamodel */ = {isa = PBXFileReference; lastKnownFileType = wrapper.xcdatamodel; path = AccountModel.xcdatamodel; sourceTree = "<group>"; };
/* End PBXFileReference section */

/* Begin PBXFrameworksBuildPhase section */
		102CCE9228F6847600CD558C /* Frameworks */ = {
			isa = PBXFrameworksBuildPhase;
			buildActionMask = 2147483647;
			files = (
			);
			runOnlyForDeploymentPostprocessing = 0;
		};
/* End PBXFrameworksBuildPhase section */

/* Begin PBXGroup section */
		102CCE8C28F6847600CD558C = {
			isa = PBXGroup;
			children = (
				102CCE9728F6847600CD558C /* MarkBank-Full */,
				102CCE9628F6847600CD558C /* Products */,
			);
			sourceTree = "<group>";
		};
		102CCE9628F6847600CD558C /* Products */ = {
			isa = PBXGroup;
			children = (
				102CCE9528F6847600CD558C /* MarkBank-Full.app */,
			);
			name = Products;
			sourceTree = "<group>";
		};
		102CCE9728F6847600CD558C /* MarkBank-Full */ = {
			isa = PBXGroup;
			children = (
				10B4382C28F82A7C0042722E /* Views */,
				10B4382928F82A2D0042722E /* DataModel */,
				102CCE9828F6847600CD558C /* MarkBank_FullApp.swift */,
				102CCE9A28F6847600CD558C /* OnboardingFlowView.swift */,
				102CCE9C28F6847700CD558C /* Assets.xcassets */,
				102CCE9E28F6847700CD558C /* Preview Content */,
				102CCEA628F68F5100CD558C /* PageModel.swift */,
				102CCEA828F690FC00CD558C /* PageView.swift */,
				102CCEAA28F6AAB800CD558C /* LoginView.swift */,
				10B4382728F813F60042722E /* LoginViewModel.swift */,
			);
			path = "MarkBank-Full";
			sourceTree = "<group>";
		};
		102CCE9E28F6847700CD558C /* Preview Content */ = {
			isa = PBXGroup;
			children = (
				102CCE9F28F6847700CD558C /* Preview Assets.xcassets */,
			);
			path = "Preview Content";
			sourceTree = "<group>";
		};
		10B4382928F82A2D0042722E /* DataModel */ = {
			isa = PBXGroup;
			children = (
				10B4382A28F82A490042722E /* DataController.swift */,
				10BF48C728FFE35E002CA318 /* AccountModel.xcdatamodeld */,
			);
			path = DataModel;
			sourceTree = "<group>";
		};
		10B4382C28F82A7C0042722E /* Views */ = {
			isa = PBXGroup;
			children = (
				10B4382D28F82ABA0042722E /* MainContactView.swift */,
				10B4383128F82B5C0042722E /* EditContactView.swift */,
				10B4382F28F82B2C0042722E /* AddContactView.swift */,
			);
			path = Views;
			sourceTree = "<group>";
		};
/* End PBXGroup section */

/* Begin PBXNativeTarget section */
		102CCE9428F6847600CD558C /* MarkBank-Full */ = {
			isa = PBXNativeTarget;
			buildConfigurationList = 102CCEA328F6847700CD558C /* Build configuration list for PBXNativeTarget "MarkBank-Full" */;
			buildPhases = (
				102CCE9128F6847600CD558C /* Sources */,
				102CCE9228F6847600CD558C /* Frameworks */,
				102CCE9328F6847600CD558C /* Resources */,
			);
			buildRules = (
			);
			dependencies = (
			);
			name = "MarkBank-Full";
			productName = "MarkBank-Full";
			productReference = 102CCE9528F6847600CD558C /* MarkBank-Full.app */;
			productType = "com.apple.product-type.application";
		};
/* End PBXNativeTarget section */

/* Begin PBXProject section */
		102CCE8D28F6847600CD558C /* Project object */ = {
			isa = PBXProject;
			attributes = {
				BuildIndependentTargetsInParallel = 1;
				LastSwiftUpdateCheck = 1400;
				LastUpgradeCheck = 1400;
				TargetAttributes = {
					102CCE9428F6847600CD558C = {
						CreatedOnToolsVersion = 14.0.1;
					};
				};
			};
			buildConfigurationList = 102CCE9028F6847600CD558C /* Build configuration list for PBXProject "MarkBank-Full" */;
			compatibilityVersion = "Xcode 14.0";
			developmentRegion = en;
			hasScannedForEncodings = 0;
			knownRegions = (
				en,
				Base,
			);
			mainGroup = 102CCE8C28F6847600CD558C;
			productRefGroup = 102CCE9628F6847600CD558C /* Products */;
			projectDirPath = "";
			projectRoot = "";
			targets = (
				102CCE9428F6847600CD558C /* MarkBank-Full */,
			);
		};
/* End PBXProject section */

/* Begin PBXResourcesBuildPhase section */
		102CCE9328F6847600CD558C /* Resources */ = {
			isa = PBXResourcesBuildPhase;
			buildActionMask = 2147483647;
			files = (
				102CCEA028F6847700CD558C /* Preview Assets.xcassets in Resources */,
				102CCE9D28F6847700CD558C /* Assets.xcassets in Resources */,
			);
			runOnlyForDeploymentPostprocessing = 0;
		};
/* End PBXResourcesBuildPhase section */

/* Begin PBXSourcesBuildPhase section */
		102CCE9128F6847600CD558C /* Sources */ = {
			isa = PBXSourcesBuildPhase;
			buildActionMask = 2147483647;
			files = (
				10B4382B28F82A490042722E /* DataController.swift in Sources */,
				10BF48C928FFE35E002CA318 /* AccountModel.xcdatamodeld in Sources */,
				10B4382E28F82ABA0042722E /* MainContactView.swift in Sources */,
				102CCE9B28F6847600CD558C /* OnboardingFlowView.swift in Sources */,
				102CCEA928F690FC00CD558C /* PageView.swift in Sources */,
				10B4382828F813F60042722E /* LoginViewModel.swift in Sources */,
				102CCEA728F68F5100CD558C /* PageModel.swift in Sources */,
				10B4383028F82B2C0042722E /* AddContactView.swift in Sources */,
				10B4383228F82B5C0042722E /* EditContactView.swift in Sources */,
				102CCEAB28F6AAB800CD558C /* LoginView.swift in Sources */,
				102CCE9928F6847600CD558C /* MarkBank_FullApp.swift in Sources */,
			);
			runOnlyForDeploymentPostprocessing = 0;
		};
/* End PBXSourcesBuildPhase section */

/* Begin XCBuildConfiguration section */
		102CCEA128F6847700CD558C /* Debug */ = {
			isa = XCBuildConfiguration;
			buildSettings = {
				ALWAYS_SEARCH_USER_PATHS = NO;
				CLANG_ANALYZER_NONNULL = YES;
				CLANG_ANALYZER_NUMBER_OBJECT_CONVERSION = YES_AGGRESSIVE;
				CLANG_CXX_LANGUAGE_STANDARD = "gnu++20";
				CLANG_ENABLE_MODULES = YES;
				CLANG_ENABLE_OBJC_ARC = YES;
				CLANG_ENABLE_OBJC_WEAK = YES;
				CLANG_WARN_BLOCK_CAPTURE_AUTORELEASING = YES;
				CLANG_WARN_BOOL_CONVERSION = YES;
				CLANG_WARN_COMMA = YES;
				CLANG_WARN_CONSTANT_CONVERSION = YES;
				CLANG_WARN_DEPRECATED_OBJC_IMPLEMENTATIONS = YES;
				CLANG_WARN_DIRECT_OBJC_ISA_USAGE = YES_ERROR;
				CLANG_WARN_DOCUMENTATION_COMMENTS = YES;
				CLANG_WARN_EMPTY_BODY = YES;
				CLANG_WARN_ENUM_CONVERSION = YES;
				CLANG_WARN_INFINITE_RECURSION = YES;
				CLANG_WARN_INT_CONVERSION = YES;
				CLANG_WARN_NON_LITERAL_NULL_CONVERSION = YES;
				CLANG_WARN_OBJC_IMPLICIT_RETAIN_SELF = YES;
				CLANG_WARN_OBJC_LITERAL_CONVERSION = YES;
				CLANG_WARN_OBJC_ROOT_CLASS = YES_ERROR;
				CLANG_WARN_QUOTED_INCLUDE_IN_FRAMEWORK_HEADER = YES;
				CLANG_WARN_RANGE_LOOP_ANALYSIS = YES;
				CLANG_WARN_STRICT_PROTOTYPES = YES;
				CLANG_WARN_SUSPICIOUS_MOVE = YES;
				CLANG_WARN_UNGUARDED_AVAILABILITY = YES_AGGRESSIVE;
				CLANG_WARN_UNREACHABLE_CODE = YES;
				CLANG_WARN__DUPLICATE_METHOD_MATCH = YES;
				COPY_PHASE_STRIP = NO;
				DEBUG_INFORMATION_FORMAT = dwarf;
				ENABLE_STRICT_OBJC_MSGSEND = YES;
				ENABLE_TESTABILITY = YES;
				GCC_C_LANGUAGE_STANDARD = gnu11;
				GCC_DYNAMIC_NO_PIC = NO;
				GCC_NO_COMMON_BLOCKS = YES;
				GCC_OPTIMIZATION_LEVEL = 0;
				GCC_PREPROCESSOR_DEFINITIONS = (
					"DEBUG=1",
					"$(inherited)",
				);
				GCC_WARN_64_TO_32_BIT_CONVERSION = YES;
				GCC_WARN_ABOUT_RETURN_TYPE = YES_ERROR;
				GCC_WARN_UNDECLARED_SELECTOR = YES;
				GCC_WARN_UNINITIALIZED_AUTOS = YES_AGGRESSIVE;
				GCC_WARN_UNUSED_FUNCTION = YES;
				GCC_WARN_UNUSED_VARIABLE = YES;
				IPHONEOS_DEPLOYMENT_TARGET = 16.0;
				MTL_ENABLE_DEBUG_INFO = INCLUDE_SOURCE;
				MTL_FAST_MATH = YES;
				ONLY_ACTIVE_ARCH = YES;
				SDKROOT = iphoneos;
				SWIFT_ACTIVE_COMPILATION_CONDITIONS = DEBUG;
				SWIFT_OPTIMIZATION_LEVEL = "-Onone";
			};
			name = Debug;
		};
		102CCEA228F6847700CD558C /* Release */ = {
			isa = XCBuildConfiguration;
			buildSettings = {
				ALWAYS_SEARCH_USER_PATHS = NO;
				CLANG_ANALYZER_NONNULL = YES;
				CLANG_ANALYZER_NUMBER_OBJECT_CONVERSION = YES_AGGRESSIVE;
				CLANG_CXX_LANGUAGE_STANDARD = "gnu++20";
				CLANG_ENABLE_MODULES = YES;
				CLANG_ENABLE_OBJC_ARC = YES;
				CLANG_ENABLE_OBJC_WEAK = YES;
				CLANG_WARN_BLOCK_CAPTURE_AUTORELEASING = YES;
				CLANG_WARN_BOOL_CONVERSION = YES;
				CLANG_WARN_COMMA = YES;
				CLANG_WARN_CONSTANT_CONVERSION = YES;
				CLANG_WARN_DEPRECATED_OBJC_IMPLEMENTATIONS = YES;
				CLANG_WARN_DIRECT_OBJC_ISA_USAGE = YES_ERROR;
				CLANG_WARN_DOCUMENTATION_COMMENTS = YES;
				CLANG_WARN_EMPTY_BODY = YES;
				CLANG_WARN_ENUM_CONVERSION = YES;
				CLANG_WARN_INFINITE_RECURSION = YES;
				CLANG_WARN_INT_CONVERSION = YES;
				CLANG_WARN_NON_LITERAL_NULL_CONVERSION = YES;
				CLANG_WARN_OBJC_IMPLICIT_RETAIN_SELF = YES;
				CLANG_WARN_OBJC_LITERAL_CONVERSION = YES;
				CLANG_WARN_OBJC_ROOT_CLASS = YES_ERROR;
				CLANG_WARN_QUOTED_INCLUDE_IN_FRAMEWORK_HEADER = YES;
				CLANG_WARN_RANGE_LOOP_ANALYSIS = YES;
				CLANG_WARN_STRICT_PROTOTYPES = YES;
				CLANG_WARN_SUSPICIOUS_MOVE = YES;
				CLANG_WARN_UNGUARDED_AVAILABILITY = YES_AGGRESSIVE;
				CLANG_WARN_UNREACHABLE_CODE = YES;
				CLANG_WARN__DUPLICATE_METHOD_MATCH = YES;
				COPY_PHASE_STRIP = NO;
				DEBUG_INFORMATION_FORMAT = "dwarf-with-dsym";
				ENABLE_NS_ASSERTIONS = NO;
				ENABLE_STRICT_OBJC_MSGSEND = YES;
				GCC_C_LANGUAGE_STANDARD = gnu11;
				GCC_NO_COMMON_BLOCKS = YES;
				GCC_WARN_64_TO_32_BIT_CONVERSION = YES;
				GCC_WARN_ABOUT_RETURN_TYPE = YES_ERROR;
				GCC_WARN_UNDECLARED_SELECTOR = YES;
				GCC_WARN_UNINITIALIZED_AUTOS = YES_AGGRESSIVE;
				GCC_WARN_UNUSED_FUNCTION = YES;
				GCC_WARN_UNUSED_VARIABLE = YES;
				IPHONEOS_DEPLOYMENT_TARGET = 16.0;
				MTL_ENABLE_DEBUG_INFO = NO;
				MTL_FAST_MATH = YES;
				SDKROOT = iphoneos;
				SWIFT_COMPILATION_MODE = wholemodule;
				SWIFT_OPTIMIZATION_LEVEL = "-O";
				VALIDATE_PRODUCT = YES;
			};
			name = Release;
		};
		102CCEA428F6847700CD558C /* Debug */ = {
			isa = XCBuildConfiguration;
			buildSettings = {
				ASSETCATALOG_COMPILER_APPICON_NAME = AppIcon;
				ASSETCATALOG_COMPILER_GLOBAL_ACCENT_COLOR_NAME = AccentColor;
				CODE_SIGN_STYLE = Automatic;
				CURRENT_PROJECT_VERSION = 1;
				DEVELOPMENT_ASSET_PATHS = "\"MarkBank-Full/Preview Content\"";
				ENABLE_PREVIEWS = YES;
				GENERATE_INFOPLIST_FILE = YES;
				INFOPLIST_KEY_UIApplicationSceneManifest_Generation = YES;
				INFOPLIST_KEY_UIApplicationSupportsIndirectInputEvents = YES;
				INFOPLIST_KEY_UILaunchScreen_Generation = YES;
				INFOPLIST_KEY_UISupportedInterfaceOrientations_iPad = "UIInterfaceOrientationPortrait UIInterfaceOrientationPortraitUpsideDown UIInterfaceOrientationLandscapeLeft UIInterfaceOrientationLandscapeRight";
				INFOPLIST_KEY_UISupportedInterfaceOrientations_iPhone = "UIInterfaceOrientationPortrait UIInterfaceOrientationLandscapeLeft UIInterfaceOrientationLandscapeRight";
				LD_RUNPATH_SEARCH_PATHS = (
					"$(inherited)",
					"@executable_path/Frameworks",
				);
				MARKETING_VERSION = 1.0;
				PRODUCT_BUNDLE_IDENTIFIER = "com.app.MakBank.MarkBank-Full";
				PRODUCT_NAME = "$(TARGET_NAME)";
				SWIFT_EMIT_LOC_STRINGS = YES;
				SWIFT_VERSION = 5.0;
				TARGETED_DEVICE_FAMILY = "1,2";
			};
			name = Debug;
		};
		102CCEA528F6847700CD558C /* Release */ = {
			isa = XCBuildConfiguration;
			buildSettings = {
				ASSETCATALOG_COMPILER_APPICON_NAME = AppIcon;
				ASSETCATALOG_COMPILER_GLOBAL_ACCENT_COLOR_NAME = AccentColor;
				CODE_SIGN_STYLE = Automatic;
				CURRENT_PROJECT_VERSION = 1;
				DEVELOPMENT_ASSET_PATHS = "\"MarkBank-Full/Preview Content\"";
				ENABLE_PREVIEWS = YES;
				GENERATE_INFOPLIST_FILE = YES;
				INFOPLIST_KEY_UIApplicationSceneManifest_Generation = YES;
				INFOPLIST_KEY_UIApplicationSupportsIndirectInputEvents = YES;
				INFOPLIST_KEY_UILaunchScreen_Generation = YES;
				INFOPLIST_KEY_UISupportedInterfaceOrientations_iPad = "UIInterfaceOrientationPortrait UIInterfaceOrientationPortraitUpsideDown UIInterfaceOrientationLandscapeLeft UIInterfaceOrientationLandscapeRight";
				INFOPLIST_KEY_UISupportedInterfaceOrientations_iPhone = "UIInterfaceOrientationPortrait UIInterfaceOrientationLandscapeLeft UIInterfaceOrientationLandscapeRight";
				LD_RUNPATH_SEARCH_PATHS = (
					"$(inherited)",
					"@executable_path/Frameworks",
				);
				MARKETING_VERSION = 1.0;
				PRODUCT_BUNDLE_IDENTIFIER = "com.app.MakBank.MarkBank-Full";
				PRODUCT_NAME = "$(TARGET_NAME)";
				SWIFT_EMIT_LOC_STRINGS = YES;
				SWIFT_VERSION = 5.0;
				TARGETED_DEVICE_FAMILY = "1,2";
			};
			name = Release;
		};
/* End XCBuildConfiguration section */

/* Begin XCConfigurationList section */
		102CCE9028F6847600CD558C /* Build configuration list for PBXProject "MarkBank-Full" */ = {
			isa = XCConfigurationList;
			buildConfigurations = (
				102CCEA128F6847700CD558C /* Debug */,
				102CCEA228F6847700CD558C /* Release */,
			);
			defaultConfigurationIsVisible = 0;
			defaultConfigurationName = Release;
		};
		102CCEA328F6847700CD558C /* Build configuration list for PBXNativeTarget "MarkBank-Full" */ = {
			isa = XCConfigurationList;
			buildConfigurations = (
				102CCEA428F6847700CD558C /* Debug */,
				102CCEA528F6847700CD558C /* Release */,
			);
			defaultConfigurationIsVisible = 0;
			defaultConfigurationName = Release;
		};
/* End XCConfigurationList section */

/* Begin XCVersionGroup section */
		10BF48C728FFE35E002CA318 /* AccountModel.xcdatamodeld */ = {
			isa = XCVersionGroup;
			children = (
				10BF48C828FFE35E002CA318 /* AccountModel.xcdatamodel */,
			);
			currentVersion = 10BF48C828FFE35E002CA318 /* AccountModel.xcdatamodel */;
			path = AccountModel.xcdatamodeld;
			sourceTree = "<group>";
			versionGroupType = wrapper.xcdatamodel;
		};
/* End XCVersionGroup section */
	};
	rootObject = 102CCE8D28F6847600CD558C /* Project object */;
}
